
Microsoft Visual Studio Solution File, Format Version 12.00
# Visual Studio Version 16
VisualStudioVersion = 16.0.30621.155
MinimumVisualStudioVersion = 10.0.40219.1
Project("{FAE04EC0-301F-11D3-BF4B-00C04F79EFBC}") = "dis_lab_2", "dis_lab_2.csproj", "{BA0E8EBE-1041-406A-ABBE-225541ABCB36}"
EndProject
Global
	GlobalSection(SolutionConfigurationPlatforms) = preSolution
		Debug|Any CPU = Debug|Any CPU
		Release|Any CPU = Release|Any CPU
	EndGlobalSection
	GlobalSection(ProjectConfigurationPlatforms) = postSolution
		{BA0E8EBE-1041-406A-ABBE-225541ABCB36}.Debug|Any CPU.ActiveCfg = Debug|Any CPU
		{BA0E8EBE-1041-406A-ABBE-225541ABCB36}.Debug|Any CPU.Build.0 = Debug|Any CPU
		{BA0E8EBE-1041-406A-ABBE-225541ABCB36}.Release|Any CPU.ActiveCfg = Release|Any CPU
		{BA0E8EBE-1041-406A-ABBE-225541ABCB36}.Release|Any CPU.Build.0 = Release|Any CPU
	EndGlobalSection
	GlobalSection(SolutionProperties) = preSolution
		HideSolutionNode = FALSE
	EndGlobalSection
	GlobalSection(ExtensibilityGlobals) = postSolution
		SolutionGuid = {B95063DC-64C2-4C44-ABFA-E585C702E42B}
	EndGlobalSection
EndGlobal
